
Microsoft Visual Studio Solution File, Format Version 12.00
# Visual Studio Version 17
VisualStudioVersion = 17.0.32112.339
MinimumVisualStudioVersion = 10.0.40219.1
Project("{FAE04EC0-301F-11D3-BF4B-00C04F79EFBC}") = "num1", "num1\num1.csproj", "{C6FA8C02-CD00-4828-BA0A-62205D150123}"
EndProject
Project("{FAE04EC0-301F-11D3-BF4B-00C04F79EFBC}") = "num2", "num2\num2.csproj", "{AC4E3C50-9735-4ECA-8179-D3326CBB9D6C}"
EndProject
Global
	GlobalSection(SolutionConfigurationPlatforms) = preSolution
		Debug|Any CPU = Debug|Any CPU
		Release|Any CPU = Release|Any CPU
	EndGlobalSection
	GlobalSection(ProjectConfigurationPlatforms) = postSolution
		{C6FA8C02-CD00-4828-BA0A-62205D150123}.Debug|Any CPU.ActiveCfg = Debug|Any CPU
		{C6FA8C02-CD00-4828-BA0A-62205D150123}.Debug|Any CPU.Build.0 = Debug|Any CPU
		{C6FA8C02-CD00-4828-BA0A-62205D150123}.Release|Any CPU.ActiveCfg = Release|Any CPU
		{C6FA8C02-CD00-4828-BA0A-62205D150123}.Release|Any CPU.Build.0 = Release|Any CPU
		{AC4E3C50-9735-4ECA-8179-D3326CBB9D6C}.Debug|Any CPU.ActiveCfg = Debug|Any CPU
		{AC4E3C50-9735-4ECA-8179-D3326CBB9D6C}.Debug|Any CPU.Build.0 = Debug|Any CPU
		{AC4E3C50-9735-4ECA-8179-D3326CBB9D6C}.Release|Any CPU.ActiveCfg = Release|Any CPU
		{AC4E3C50-9735-4ECA-8179-D3326CBB9D6C}.Release|Any CPU.Build.0 = Release|Any CPU
	EndGlobalSection
	GlobalSection(SolutionProperties) = preSolution
		HideSolutionNode = FALSE
	EndGlobalSection
	GlobalSection(ExtensibilityGlobals) = postSolution
		SolutionGuid = {38BF8D39-958C-4399-8DCA-C6BA148FF852}
	EndGlobalSection
EndGlobal
