
Microsoft Visual Studio Solution File, Format Version 12.00
# Visual Studio Version 17
VisualStudioVersion = 17.0.32112.339
MinimumVisualStudioVersion = 10.0.40219.1
Project("{FAE04EC0-301F-11D3-BF4B-00C04F79EFBC}") = "num1", "num1\num1.csproj", "{1B591B2F-D191-4BF3-8425-DF39250F8089}"
EndProject
Project("{FAE04EC0-301F-11D3-BF4B-00C04F79EFBC}") = "num2", "num2\num2.csproj", "{21DB2DB8-4144-43B9-B53C-FDE26AB7CAB2}"
EndProject
Project("{FAE04EC0-301F-11D3-BF4B-00C04F79EFBC}") = "num3", "num3\num3.csproj", "{EA0C59B3-FEDA-4C33-8583-6B5933A61427}"
EndProject
Global
	GlobalSection(SolutionConfigurationPlatforms) = preSolution
		Debug|Any CPU = Debug|Any CPU
		Release|Any CPU = Release|Any CPU
	EndGlobalSection
	GlobalSection(ProjectConfigurationPlatforms) = postSolution
		{1B591B2F-D191-4BF3-8425-DF39250F8089}.Debug|Any CPU.ActiveCfg = Debug|Any CPU
		{1B591B2F-D191-4BF3-8425-DF39250F8089}.Debug|Any CPU.Build.0 = Debug|Any CPU
		{1B591B2F-D191-4BF3-8425-DF39250F8089}.Release|Any CPU.ActiveCfg = Release|Any CPU
		{1B591B2F-D191-4BF3-8425-DF39250F8089}.Release|Any CPU.Build.0 = Release|Any CPU
		{21DB2DB8-4144-43B9-B53C-FDE26AB7CAB2}.Debug|Any CPU.ActiveCfg = Debug|Any CPU
		{21DB2DB8-4144-43B9-B53C-FDE26AB7CAB2}.Debug|Any CPU.Build.0 = Debug|Any CPU
		{21DB2DB8-4144-43B9-B53C-FDE26AB7CAB2}.Release|Any CPU.ActiveCfg = Release|Any CPU
		{21DB2DB8-4144-43B9-B53C-FDE26AB7CAB2}.Release|Any CPU.Build.0 = Release|Any CPU
		{EA0C59B3-FEDA-4C33-8583-6B5933A61427}.Debug|Any CPU.ActiveCfg = Debug|Any CPU
		{EA0C59B3-FEDA-4C33-8583-6B5933A61427}.Debug|Any CPU.Build.0 = Debug|Any CPU
		{EA0C59B3-FEDA-4C33-8583-6B5933A61427}.Release|Any CPU.ActiveCfg = Release|Any CPU
		{EA0C59B3-FEDA-4C33-8583-6B5933A61427}.Release|Any CPU.Build.0 = Release|Any CPU
	EndGlobalSection
	GlobalSection(SolutionProperties) = preSolution
		HideSolutionNode = FALSE
	EndGlobalSection
	GlobalSection(ExtensibilityGlobals) = postSolution
		SolutionGuid = {1A85D27F-9A42-424F-BB94-D5BDF847F5DB}
	EndGlobalSection
EndGlobal
