
Microsoft Visual Studio Solution File, Format Version 12.00
# Visual Studio Version 17
VisualStudioVersion = 17.0.32112.339
MinimumVisualStudioVersion = 10.0.40219.1
Project("{FAE04EC0-301F-11D3-BF4B-00C04F79EFBC}") = "num1", "num1\num1.csproj", "{D1B00A68-CC20-438C-A125-80B0E531BF0F}"
EndProject
Project("{FAE04EC0-301F-11D3-BF4B-00C04F79EFBC}") = "num2", "num2\num2.csproj", "{2090E19A-B88B-48EC-BB52-18459E8DAEAA}"
EndProject
Project("{FAE04EC0-301F-11D3-BF4B-00C04F79EFBC}") = "num3", "num3\num3.csproj", "{99511C36-F6FE-447E-8666-AB41A8634061}"
EndProject
Global
	GlobalSection(SolutionConfigurationPlatforms) = preSolution
		Debug|Any CPU = Debug|Any CPU
		Release|Any CPU = Release|Any CPU
	EndGlobalSection
	GlobalSection(ProjectConfigurationPlatforms) = postSolution
		{D1B00A68-CC20-438C-A125-80B0E531BF0F}.Debug|Any CPU.ActiveCfg = Debug|Any CPU
		{D1B00A68-CC20-438C-A125-80B0E531BF0F}.Debug|Any CPU.Build.0 = Debug|Any CPU
		{D1B00A68-CC20-438C-A125-80B0E531BF0F}.Release|Any CPU.ActiveCfg = Release|Any CPU
		{D1B00A68-CC20-438C-A125-80B0E531BF0F}.Release|Any CPU.Build.0 = Release|Any CPU
		{2090E19A-B88B-48EC-BB52-18459E8DAEAA}.Debug|Any CPU.ActiveCfg = Debug|Any CPU
		{2090E19A-B88B-48EC-BB52-18459E8DAEAA}.Debug|Any CPU.Build.0 = Debug|Any CPU
		{2090E19A-B88B-48EC-BB52-18459E8DAEAA}.Release|Any CPU.ActiveCfg = Release|Any CPU
		{2090E19A-B88B-48EC-BB52-18459E8DAEAA}.Release|Any CPU.Build.0 = Release|Any CPU
		{99511C36-F6FE-447E-8666-AB41A8634061}.Debug|Any CPU.ActiveCfg = Debug|Any CPU
		{99511C36-F6FE-447E-8666-AB41A8634061}.Debug|Any CPU.Build.0 = Debug|Any CPU
		{99511C36-F6FE-447E-8666-AB41A8634061}.Release|Any CPU.ActiveCfg = Release|Any CPU
		{99511C36-F6FE-447E-8666-AB41A8634061}.Release|Any CPU.Build.0 = Release|Any CPU
	EndGlobalSection
	GlobalSection(SolutionProperties) = preSolution
		HideSolutionNode = FALSE
	EndGlobalSection
	GlobalSection(ExtensibilityGlobals) = postSolution
		SolutionGuid = {17E65060-ACB4-4446-A3B9-2CFAB764F7BC}
	EndGlobalSection
EndGlobal
